
Microsoft Visual Studio Solution File, Format Version 12.00
# Visual Studio 15
VisualStudioVersion = 15.0.26730.15
MinimumVisualStudioVersion = 10.0.40219.1
Project("{FAE04EC0-301F-11D3-BF4B-00C04F79EFBC}") = "滚动条", "滚动条\滚动条.csproj", "{A3EA42DD-1740-4AE4-82CE-27B4BA7E1429}"
EndProject
Global
	GlobalSection(SolutionConfigurationPlatforms) = preSolution
		Debug|Any CPU = Debug|Any CPU
		Release|Any CPU = Release|Any CPU
	EndGlobalSection
	GlobalSection(ProjectConfigurationPlatforms) = postSolution
		{A3EA42DD-1740-4AE4-82CE-27B4BA7E1429}.Debug|Any CPU.ActiveCfg = Debug|Any CPU
		{A3EA42DD-1740-4AE4-82CE-27B4BA7E1429}.Debug|Any CPU.Build.0 = Debug|Any CPU
		{A3EA42DD-1740-4AE4-82CE-27B4BA7E1429}.Release|Any CPU.ActiveCfg = Release|Any CPU
		{A3EA42DD-1740-4AE4-82CE-27B4BA7E1429}.Release|Any CPU.Build.0 = Release|Any CPU
	EndGlobalSection
	GlobalSection(SolutionProperties) = preSolution
		HideSolutionNode = FALSE
	EndGlobalSection
	GlobalSection(ExtensibilityGlobals) = postSolution
		SolutionGuid = {0B895006-B085-46CC-A0E3-6268B0E87C8D}
	EndGlobalSection
EndGlobal
